// !$*UTF8*$!
{
	archiveVersion = 1;
	classes = {
	};
	objectVersion = 50;
	objects = {

/* Begin PBXBuildFile section */
		12BD8BBD2F2CAB043C33322D /* Pods_ScreenShareDemo.framework in Frameworks */ = {isa = PBXBuildFile; fileRef = 52BEEA352733575643CF065D /* Pods_ScreenShareDemo.framework */; };
		C230B12022929D7500B9BB80 /* AppDelegate.swift in Sources */ = {isa = PBXBuildFile; fileRef = C230B11F22929D7500B9BB80 /* AppDelegate.swift */; };
		C230B12222929D7500B9BB80 /* ViewController.swift in Sources */ = {isa = PBXBuildFile; fileRef = C230B12122929D7500B9BB80 /* ViewController.swift */; };
		C230B12522929D7500B9BB80 /* Main.storyboard in Resources */ = {isa = PBXBuildFile; fileRef = C230B12322929D7500B9BB80 /* Main.storyboard */; };
		C230B12722929D7D00B9BB80 /* Assets.xcassets in Resources */ = {isa = PBXBuildFile; fileRef = C230B12622929D7D00B9BB80 /* Assets.xcassets */; };
		C230B12A22929D7D00B9BB80 /* LaunchScreen.storyboard in Resources */ = {isa = PBXBuildFile; fileRef = C230B12822929D7D00B9BB80 /* LaunchScreen.storyboard */; };
		C230B13D22929E0500B9BB80 /* ReplayKit.framework in Frameworks */ = {isa = PBXBuildFile; fileRef = C230B13C22929E0500B9BB80 /* ReplayKit.framework */; };
		C230B14022929E0500B9BB80 /* SampleHandler.swift in Sources */ = {isa = PBXBuildFile; fileRef = C230B13F22929E0500B9BB80 /* SampleHandler.swift */; };
		C230B15322929E0500B9BB80 /* BroadCastApp.appex in Embed App Extensions */ = {isa = PBXBuildFile; fileRef = C230B13A22929E0400B9BB80 /* BroadCastApp.appex */; settings = {ATTRIBUTES = (RemoveHeadersOnCopy, ); }; };
		D494EEBDEDB9A317163D4CA0 /* Pods_BroadCastApp.framework in Frameworks */ = {isa = PBXBuildFile; fileRef = 770CA63632703437B63043ED /* Pods_BroadCastApp.framework */; };
/* End PBXBuildFile section */

/* Begin PBXContainerItemProxy section */
		C230B15122929E0500B9BB80 /* PBXContainerItemProxy */ = {
			isa = PBXContainerItemProxy;
			containerPortal = C230B11422929D7500B9BB80 /* Project object */;
			proxyType = 1;
			remoteGlobalIDString = C230B13922929E0400B9BB80;
			remoteInfo = BroadCastApp;
		};
/* End PBXContainerItemProxy section */

/* Begin PBXCopyFilesBuildPhase section */
		C230B13522929DE400B9BB80 /* Embed Frameworks */ = {
			isa = PBXCopyFilesBuildPhase;
			buildActionMask = 2147483647;
			dstPath = "";
			dstSubfolderSpec = 10;
			files = (
			);
			name = "Embed Frameworks";
			runOnlyForDeploymentPostprocessing = 0;
		};
		C230B15A22929E0500B9BB80 /* Embed App Extensions */ = {
			isa = PBXCopyFilesBuildPhase;
			buildActionMask = 2147483647;
			dstPath = "";
			dstSubfolderSpec = 13;
			files = (
				C230B15322929E0500B9BB80 /* BroadCastApp.appex in Embed App Extensions */,
			);
			name = "Embed App Extensions";
			runOnlyForDeploymentPostprocessing = 0;
		};
/* End PBXCopyFilesBuildPhase section */

/* Begin PBXFileReference section */
		52BEEA352733575643CF065D /* Pods_ScreenShareDemo.framework */ = {isa = PBXFileReference; explicitFileType = wrapper.framework; includeInIndex = 0; path = Pods_ScreenShareDemo.framework; sourceTree = BUILT_PRODUCTS_DIR; };
		770CA63632703437B63043ED /* Pods_BroadCastApp.framework */ = {isa = PBXFileReference; explicitFileType = wrapper.framework; includeInIndex = 0; path = Pods_BroadCastApp.framework; sourceTree = BUILT_PRODUCTS_DIR; };
		792672CDF3ACC94154817F7F /* Pods-BroadCastApp.release.xcconfig */ = {isa = PBXFileReference; includeInIndex = 1; lastKnownFileType = text.xcconfig; name = "Pods-BroadCastApp.release.xcconfig"; path = "Target Support Files/Pods-BroadCastApp/Pods-BroadCastApp.release.xcconfig"; sourceTree = "<group>"; };
		7A3733ABAE2FD90F45341017 /* Pods-ScreenShareDemo.release.xcconfig */ = {isa = PBXFileReference; includeInIndex = 1; lastKnownFileType = text.xcconfig; name = "Pods-ScreenShareDemo.release.xcconfig"; path = "Target Support Files/Pods-ScreenShareDemo/Pods-ScreenShareDemo.release.xcconfig"; sourceTree = "<group>"; };
		95D56D8FFCE217611768417F /* Pods-BroadCastApp.debug.xcconfig */ = {isa = PBXFileReference; includeInIndex = 1; lastKnownFileType = text.xcconfig; name = "Pods-BroadCastApp.debug.xcconfig"; path = "Target Support Files/Pods-BroadCastApp/Pods-BroadCastApp.debug.xcconfig"; sourceTree = "<group>"; };
		B405B0BF4BC0FDD9B2445B20 /* Pods-ScreenShareDemo.debug.xcconfig */ = {isa = PBXFileReference; includeInIndex = 1; lastKnownFileType = text.xcconfig; name = "Pods-ScreenShareDemo.debug.xcconfig"; path = "Target Support Files/Pods-ScreenShareDemo/Pods-ScreenShareDemo.debug.xcconfig"; sourceTree = "<group>"; };
		C230B11C22929D7500B9BB80 /* ScreenShareDemo.app */ = {isa = PBXFileReference; explicitFileType = wrapper.application; includeInIndex = 0; path = ScreenShareDemo.app; sourceTree = BUILT_PRODUCTS_DIR; };
		C230B11F22929D7500B9BB80 /* AppDelegate.swift */ = {isa = PBXFileReference; lastKnownFileType = sourcecode.swift; path = AppDelegate.swift; sourceTree = "<group>"; };
		C230B12122929D7500B9BB80 /* ViewController.swift */ = {isa = PBXFileReference; lastKnownFileType = sourcecode.swift; path = ViewController.swift; sourceTree = "<group>"; };
		C230B12422929D7500B9BB80 /* Base */ = {isa = PBXFileReference; lastKnownFileType = file.storyboard; name = Base; path = Base.lproj/Main.storyboard; sourceTree = "<group>"; };
		C230B12622929D7D00B9BB80 /* Assets.xcassets */ = {isa = PBXFileReference; lastKnownFileType = folder.assetcatalog; path = Assets.xcassets; sourceTree = "<group>"; };
		C230B12922929D7D00B9BB80 /* Base */ = {isa = PBXFileReference; lastKnownFileType = file.storyboard; name = Base; path = Base.lproj/LaunchScreen.storyboard; sourceTree = "<group>"; };
		C230B12B22929D7D00B9BB80 /* Info.plist */ = {isa = PBXFileReference; lastKnownFileType = text.plist.xml; path = Info.plist; sourceTree = "<group>"; };
		C230B13A22929E0400B9BB80 /* BroadCastApp.appex */ = {isa = PBXFileReference; explicitFileType = "wrapper.app-extension"; includeInIndex = 0; path = BroadCastApp.appex; sourceTree = BUILT_PRODUCTS_DIR; };
		C230B13C22929E0500B9BB80 /* ReplayKit.framework */ = {isa = PBXFileReference; lastKnownFileType = wrapper.framework; name = ReplayKit.framework; path = System/Library/Frameworks/ReplayKit.framework; sourceTree = SDKROOT; };
		C230B13F22929E0500B9BB80 /* SampleHandler.swift */ = {isa = PBXFileReference; lastKnownFileType = sourcecode.swift; path = SampleHandler.swift; sourceTree = "<group>"; };
		C230B14122929E0500B9BB80 /* Info.plist */ = {isa = PBXFileReference; lastKnownFileType = text.plist.xml; path = Info.plist; sourceTree = "<group>"; };
		C230B14822929E0500B9BB80 /* UIKit.framework */ = {isa = PBXFileReference; lastKnownFileType = wrapper.framework; name = UIKit.framework; path = System/Library/Frameworks/UIKit.framework; sourceTree = SDKROOT; };
		C230B15B22929F5C00B9BB80 /* BroadCastApp.entitlements */ = {isa = PBXFileReference; lastKnownFileType = text.plist.entitlements; path = BroadCastApp.entitlements; sourceTree = "<group>"; };
		C230B15C22929F6800B9BB80 /* ScreenShareDemo.entitlements */ = {isa = PBXFileReference; lastKnownFileType = text.plist.entitlements; path = ScreenShareDemo.entitlements; sourceTree = "<group>"; };
/* End PBXFileReference section */

/* Begin PBXFrameworksBuildPhase section */
		C230B11922929D7500B9BB80 /* Frameworks */ = {
			isa = PBXFrameworksBuildPhase;
			buildActionMask = 2147483647;
			files = (
				12BD8BBD2F2CAB043C33322D /* Pods_ScreenShareDemo.framework in Frameworks */,
			);
			runOnlyForDeploymentPostprocessing = 0;
		};
		C230B13722929E0400B9BB80 /* Frameworks */ = {
			isa = PBXFrameworksBuildPhase;
			buildActionMask = 2147483647;
			files = (
				C230B13D22929E0500B9BB80 /* ReplayKit.framework in Frameworks */,
				D494EEBDEDB9A317163D4CA0 /* Pods_BroadCastApp.framework in Frameworks */,
			);
			runOnlyForDeploymentPostprocessing = 0;
		};
/* End PBXFrameworksBuildPhase section */

/* Begin PBXGroup section */
		3DE197A69B4C06F014AE8474 /* Pods */ = {
			isa = PBXGroup;
			children = (
				95D56D8FFCE217611768417F /* Pods-BroadCastApp.debug.xcconfig */,
				792672CDF3ACC94154817F7F /* Pods-BroadCastApp.release.xcconfig */,
				B405B0BF4BC0FDD9B2445B20 /* Pods-ScreenShareDemo.debug.xcconfig */,
				7A3733ABAE2FD90F45341017 /* Pods-ScreenShareDemo.release.xcconfig */,
			);
			name = Pods;
			path = Pods;
			sourceTree = "<group>";
		};
		C230B11322929D7500B9BB80 = {
			isa = PBXGroup;
			children = (
				C230B11E22929D7500B9BB80 /* ScreenShareDemo */,
				C230B13E22929E0500B9BB80 /* BroadCastApp */,
				C230B13B22929E0500B9BB80 /* Frameworks */,
				C230B11D22929D7500B9BB80 /* Products */,
				3DE197A69B4C06F014AE8474 /* Pods */,
			);
			sourceTree = "<group>";
		};
		C230B11D22929D7500B9BB80 /* Products */ = {
			isa = PBXGroup;
			children = (
				C230B11C22929D7500B9BB80 /* ScreenShareDemo.app */,
				C230B13A22929E0400B9BB80 /* BroadCastApp.appex */,
			);
			name = Products;
			sourceTree = "<group>";
		};
		C230B11E22929D7500B9BB80 /* ScreenShareDemo */ = {
			isa = PBXGroup;
			children = (
				C230B15C22929F6800B9BB80 /* ScreenShareDemo.entitlements */,
				C230B11F22929D7500B9BB80 /* AppDelegate.swift */,
				C230B12122929D7500B9BB80 /* ViewController.swift */,
				C230B12322929D7500B9BB80 /* Main.storyboard */,
				C230B12622929D7D00B9BB80 /* Assets.xcassets */,
				C230B12822929D7D00B9BB80 /* LaunchScreen.storyboard */,
				C230B12B22929D7D00B9BB80 /* Info.plist */,
			);
			path = ScreenShareDemo;
			sourceTree = "<group>";
		};
		C230B13B22929E0500B9BB80 /* Frameworks */ = {
			isa = PBXGroup;
			children = (
				C230B13C22929E0500B9BB80 /* ReplayKit.framework */,
				C230B14822929E0500B9BB80 /* UIKit.framework */,
				770CA63632703437B63043ED /* Pods_BroadCastApp.framework */,
				52BEEA352733575643CF065D /* Pods_ScreenShareDemo.framework */,
			);
			name = Frameworks;
			sourceTree = "<group>";
		};
		C230B13E22929E0500B9BB80 /* BroadCastApp */ = {
			isa = PBXGroup;
			children = (
				C230B15B22929F5C00B9BB80 /* BroadCastApp.entitlements */,
				C230B13F22929E0500B9BB80 /* SampleHandler.swift */,
				C230B14122929E0500B9BB80 /* Info.plist */,
			);
			path = BroadCastApp;
			sourceTree = "<group>";
		};
/* End PBXGroup section */

/* Begin PBXNativeTarget section */
		C230B11B22929D7500B9BB80 /* ScreenShareDemo */ = {
			isa = PBXNativeTarget;
			buildConfigurationList = C230B12E22929D7D00B9BB80 /* Build configuration list for PBXNativeTarget "ScreenShareDemo" */;
			buildPhases = (
				86639D417DD8BAC6A151C315 /* [CP] Check Pods Manifest.lock */,
				C230B11822929D7500B9BB80 /* Sources */,
				C230B11922929D7500B9BB80 /* Frameworks */,
				C230B11A22929D7500B9BB80 /* Resources */,
				C230B13522929DE400B9BB80 /* Embed Frameworks */,
				C230B15A22929E0500B9BB80 /* Embed App Extensions */,
				7A64866BED4886810E6429E2 /* [CP] Embed Pods Frameworks */,
			);
			buildRules = (
			);
			dependencies = (
				C230B15222929E0500B9BB80 /* PBXTargetDependency */,
			);
			name = ScreenShareDemo;
			productName = ScreenShareDemo;
			productReference = C230B11C22929D7500B9BB80 /* ScreenShareDemo.app */;
			productType = "com.apple.product-type.application";
		};
		C230B13922929E0400B9BB80 /* BroadCastApp */ = {
			isa = PBXNativeTarget;
			buildConfigurationList = C230B15722929E0500B9BB80 /* Build configuration list for PBXNativeTarget "BroadCastApp" */;
			buildPhases = (
				EB3D579C479D81364F13AEEF /* [CP] Check Pods Manifest.lock */,
				C230B13622929E0400B9BB80 /* Sources */,
				C230B13722929E0400B9BB80 /* Frameworks */,
				C230B13822929E0400B9BB80 /* Resources */,
			);
			buildRules = (
			);
			dependencies = (
			);
			name = BroadCastApp;
			productName = BroadCastApp;
			productReference = C230B13A22929E0400B9BB80 /* BroadCastApp.appex */;
			productType = "com.apple.product-type.app-extension";
		};
/* End PBXNativeTarget section */

/* Begin PBXProject section */
		C230B11422929D7500B9BB80 /* Project object */ = {
			isa = PBXProject;
			attributes = {
				LastSwiftUpdateCheck = 1010;
				LastUpgradeCheck = 1010;
				ORGANIZATIONNAME = "kishore Kumar";
				TargetAttributes = {
					C230B11B22929D7500B9BB80 = {
						CreatedOnToolsVersion = 10.1;
						SystemCapabilities = {
							com.apple.ApplicationGroups.iOS = {
								enabled = 1;
							};
						};
					};
					C230B13922929E0400B9BB80 = {
						CreatedOnToolsVersion = 10.1;
						SystemCapabilities = {
							com.apple.ApplicationGroups.iOS = {
								enabled = 1;
							};
						};
					};
				};
			};
			buildConfigurationList = C230B11722929D7500B9BB80 /* Build configuration list for PBXProject "ScreenShareDemo" */;
			compatibilityVersion = "Xcode 9.3";
			developmentRegion = en;
			hasScannedForEncodings = 0;
			knownRegions = (
				en,
				Base,
			);
			mainGroup = C230B11322929D7500B9BB80;
			productRefGroup = C230B11D22929D7500B9BB80 /* Products */;
			projectDirPath = "";
			projectRoot = "";
			targets = (
				C230B11B22929D7500B9BB80 /* ScreenShareDemo */,
				C230B13922929E0400B9BB80 /* BroadCastApp */,
			);
		};
/* End PBXProject section */

/* Begin PBXResourcesBuildPhase section */
		C230B11A22929D7500B9BB80 /* Resources */ = {
			isa = PBXResourcesBuildPhase;
			buildActionMask = 2147483647;
			files = (
				C230B12A22929D7D00B9BB80 /* LaunchScreen.storyboard in Resources */,
				C230B12722929D7D00B9BB80 /* Assets.xcassets in Resources */,
				C230B12522929D7500B9BB80 /* Main.storyboard in Resources */,
			);
			runOnlyForDeploymentPostprocessing = 0;
		};
		C230B13822929E0400B9BB80 /* Resources */ = {
			isa = PBXResourcesBuildPhase;
			buildActionMask = 2147483647;
			files = (
			);
			runOnlyForDeploymentPostprocessing = 0;
		};
/* End PBXResourcesBuildPhase section */

/* Begin PBXShellScriptBuildPhase section */
		7A64866BED4886810E6429E2 /* [CP] Embed Pods Frameworks */ = {
			isa = PBXShellScriptBuildPhase;
			buildActionMask = 2147483647;
			files = (
			);
			inputFileListPaths = (
				"${PODS_ROOT}/Target Support Files/Pods-ScreenShareDemo/Pods-ScreenShareDemo-frameworks-${CONFIGURATION}-input-files.xcfilelist",
			);
			name = "[CP] Embed Pods Frameworks";
			outputFileListPaths = (
				"${PODS_ROOT}/Target Support Files/Pods-ScreenShareDemo/Pods-ScreenShareDemo-frameworks-${CONFIGURATION}-output-files.xcfilelist",
			);
			runOnlyForDeploymentPostprocessing = 0;
			shellPath = /bin/sh;
			shellScript = "\"${PODS_ROOT}/Target Support Files/Pods-ScreenShareDemo/Pods-ScreenShareDemo-frameworks.sh\"\n";
			showEnvVarsInLog = 0;
		};
		86639D417DD8BAC6A151C315 /* [CP] Check Pods Manifest.lock */ = {
			isa = PBXShellScriptBuildPhase;
			buildActionMask = 2147483647;
			files = (
			);
			inputFileListPaths = (
			);
			inputPaths = (
				"${PODS_PODFILE_DIR_PATH}/Podfile.lock",
				"${PODS_ROOT}/Manifest.lock",
			);
			name = "[CP] Check Pods Manifest.lock";
			outputFileListPaths = (
			);
			outputPaths = (
				"$(DERIVED_FILE_DIR)/Pods-ScreenShareDemo-checkManifestLockResult.txt",
			);
			runOnlyForDeploymentPostprocessing = 0;
			shellPath = /bin/sh;
			shellScript = "diff \"${PODS_PODFILE_DIR_PATH}/Podfile.lock\" \"${PODS_ROOT}/Manifest.lock\" > /dev/null\nif [ $? != 0 ] ; then\n    # print error to STDERR\n    echo \"error: The sandbox is not in sync with the Podfile.lock. Run 'pod install' or update your CocoaPods installation.\" >&2\n    exit 1\nfi\n# This output is used by Xcode 'outputs' to avoid re-running this script phase.\necho \"SUCCESS\" > \"${SCRIPT_OUTPUT_FILE_0}\"\n";
			showEnvVarsInLog = 0;
		};
		EB3D579C479D81364F13AEEF /* [CP] Check Pods Manifest.lock */ = {
			isa = PBXShellScriptBuildPhase;
			buildActionMask = 2147483647;
			files = (
			);
			inputFileListPaths = (
			);
			inputPaths = (
				"${PODS_PODFILE_DIR_PATH}/Podfile.lock",
				"${PODS_ROOT}/Manifest.lock",
			);
			name = "[CP] Check Pods Manifest.lock";
			outputFileListPaths = (
			);
			outputPaths = (
				"$(DERIVED_FILE_DIR)/Pods-BroadCastApp-checkManifestLockResult.txt",
			);
			runOnlyForDeploymentPostprocessing = 0;
			shellPath = /bin/sh;
			shellScript = "diff \"${PODS_PODFILE_DIR_PATH}/Podfile.lock\" \"${PODS_ROOT}/Manifest.lock\" > /dev/null\nif [ $? != 0 ] ; then\n    # print error to STDERR\n    echo \"error: The sandbox is not in sync with the Podfile.lock. Run 'pod install' or update your CocoaPods installation.\" >&2\n    exit 1\nfi\n# This output is used by Xcode 'outputs' to avoid re-running this script phase.\necho \"SUCCESS\" > \"${SCRIPT_OUTPUT_FILE_0}\"\n";
			showEnvVarsInLog = 0;
		};
/* End PBXShellScriptBuildPhase section */

/* Begin PBXSourcesBuildPhase section */
		C230B11822929D7500B9BB80 /* Sources */ = {
			isa = PBXSourcesBuildPhase;
			buildActionMask = 2147483647;
			files = (
				C230B12222929D7500B9BB80 /* ViewController.swift in Sources */,
				C230B12022929D7500B9BB80 /* AppDelegate.swift in Sources */,
			);
			runOnlyForDeploymentPostprocessing = 0;
		};
		C230B13622929E0400B9BB80 /* Sources */ = {
			isa = PBXSourcesBuildPhase;
			buildActionMask = 2147483647;
			files = (
				C230B14022929E0500B9BB80 /* SampleHandler.swift in Sources */,
			);
			runOnlyForDeploymentPostprocessing = 0;
		};
/* End PBXSourcesBuildPhase section */

/* Begin PBXTargetDependency section */
		C230B15222929E0500B9BB80 /* PBXTargetDependency */ = {
			isa = PBXTargetDependency;
			target = C230B13922929E0400B9BB80 /* BroadCastApp */;
			targetProxy = C230B15122929E0500B9BB80 /* PBXContainerItemProxy */;
		};
/* End PBXTargetDependency section */

/* Begin PBXVariantGroup section */
		C230B12322929D7500B9BB80 /* Main.storyboard */ = {
			isa = PBXVariantGroup;
			children = (
				C230B12422929D7500B9BB80 /* Base */,
			);
			name = Main.storyboard;
			sourceTree = "<group>";
		};
		C230B12822929D7D00B9BB80 /* LaunchScreen.storyboard */ = {
			isa = PBXVariantGroup;
			children = (
				C230B12922929D7D00B9BB80 /* Base */,
			);
			name = LaunchScreen.storyboard;
			sourceTree = "<group>";
		};
/* End PBXVariantGroup section */

/* Begin XCBuildConfiguration section */
		C230B12C22929D7D00B9BB80 /* Debug */ = {
			isa = XCBuildConfiguration;
			buildSettings = {
				ALWAYS_SEARCH_USER_PATHS = NO;
				CLANG_ANALYZER_NONNULL = YES;
				CLANG_ANALYZER_NUMBER_OBJECT_CONVERSION = YES_AGGRESSIVE;
				CLANG_CXX_LANGUAGE_STANDARD = "gnu++14";
				CLANG_CXX_LIBRARY = "libc++";
				CLANG_ENABLE_MODULES = YES;
				CLANG_ENABLE_OBJC_ARC = YES;
				CLANG_ENABLE_OBJC_WEAK = YES;
				CLANG_WARN_BLOCK_CAPTURE_AUTORELEASING = YES;
				CLANG_WARN_BOOL_CONVERSION = YES;
				CLANG_WARN_COMMA = YES;
				CLANG_WARN_CONSTANT_CONVERSION = YES;
				CLANG_WARN_DEPRECATED_OBJC_IMPLEMENTATIONS = YES;
				CLANG_WARN_DIRECT_OBJC_ISA_USAGE = YES_ERROR;
				CLANG_WARN_DOCUMENTATION_COMMENTS = YES;
				CLANG_WARN_EMPTY_BODY = YES;
				CLANG_WARN_ENUM_CONVERSION = YES;
				CLANG_WARN_INFINITE_RECURSION = YES;
				CLANG_WARN_INT_CONVERSION = YES;
				CLANG_WARN_NON_LITERAL_NULL_CONVERSION = YES;
				CLANG_WARN_OBJC_IMPLICIT_RETAIN_SELF = YES;
				CLANG_WARN_OBJC_LITERAL_CONVERSION = YES;
				CLANG_WARN_OBJC_ROOT_CLASS = YES_ERROR;
				CLANG_WARN_RANGE_LOOP_ANALYSIS = YES;
				CLANG_WARN_STRICT_PROTOTYPES = YES;
				CLANG_WARN_SUSPICIOUS_MOVE = YES;
				CLANG_WARN_UNGUARDED_AVAILABILITY = YES_AGGRESSIVE;
				CLANG_WARN_UNREACHABLE_CODE = YES;
				CLANG_WARN__DUPLICATE_METHOD_MATCH = YES;
				CODE_SIGN_IDENTITY = "iPhone Developer";
				COPY_PHASE_STRIP = NO;
				DEBUG_INFORMATION_FORMAT = dwarf;
				ENABLE_STRICT_OBJC_MSGSEND = YES;
				ENABLE_TESTABILITY = YES;
				GCC_C_LANGUAGE_STANDARD = gnu11;
				GCC_DYNAMIC_NO_PIC = NO;
				GCC_NO_COMMON_BLOCKS = YES;
				GCC_OPTIMIZATION_LEVEL = 0;
				GCC_PREPROCESSOR_DEFINITIONS = (
					"DEBUG=1",
					"$(inherited)",
				);
				GCC_WARN_64_TO_32_BIT_CONVERSION = YES;
				GCC_WARN_ABOUT_RETURN_TYPE = YES_ERROR;
				GCC_WARN_UNDECLARED_SELECTOR = YES;
				GCC_WARN_UNINITIALIZED_AUTOS = YES_AGGRESSIVE;
				GCC_WARN_UNUSED_FUNCTION = YES;
				GCC_WARN_UNUSED_VARIABLE = YES;
				IPHONEOS_DEPLOYMENT_TARGET = 11.0;
				MTL_ENABLE_DEBUG_INFO = INCLUDE_SOURCE;
				MTL_FAST_MATH = YES;
				ONLY_ACTIVE_ARCH = YES;
				SDKROOT = iphoneos;
				SWIFT_ACTIVE_COMPILATION_CONDITIONS = DEBUG;
				SWIFT_OPTIMIZATION_LEVEL = "-Onone";
			};
			name = Debug;
		};
		C230B12D22929D7D00B9BB80 /* Release */ = {
			isa = XCBuildConfiguration;
			buildSettings = {
				ALWAYS_SEARCH_USER_PATHS = NO;
				CLANG_ANALYZER_NONNULL = YES;
				CLANG_ANALYZER_NUMBER_OBJECT_CONVERSION = YES_AGGRESSIVE;
				CLANG_CXX_LANGUAGE_STANDARD = "gnu++14";
				CLANG_CXX_LIBRARY = "libc++";
				CLANG_ENABLE_MODULES = YES;
				CLANG_ENABLE_OBJC_ARC = YES;
				CLANG_ENABLE_OBJC_WEAK = YES;
				CLANG_WARN_BLOCK_CAPTURE_AUTORELEASING = YES;
				CLANG_WARN_BOOL_CONVERSION = YES;
				CLANG_WARN_COMMA = YES;
				CLANG_WARN_CONSTANT_CONVERSION = YES;
				CLANG_WARN_DEPRECATED_OBJC_IMPLEMENTATIONS = YES;
				CLANG_WARN_DIRECT_OBJC_ISA_USAGE = YES_ERROR;
				CLANG_WARN_DOCUMENTATION_COMMENTS = YES;
				CLANG_WARN_EMPTY_BODY = YES;
				CLANG_WARN_ENUM_CONVERSION = YES;
				CLANG_WARN_INFINITE_RECURSION = YES;
				CLANG_WARN_INT_CONVERSION = YES;
				CLANG_WARN_NON_LITERAL_NULL_CONVERSION = YES;
				CLANG_WARN_OBJC_IMPLICIT_RETAIN_SELF = YES;
				CLANG_WARN_OBJC_LITERAL_CONVERSION = YES;
				CLANG_WARN_OBJC_ROOT_CLASS = YES_ERROR;
				CLANG_WARN_RANGE_LOOP_ANALYSIS = YES;
				CLANG_WARN_STRICT_PROTOTYPES = YES;
				CLANG_WARN_SUSPICIOUS_MOVE = YES;
				CLANG_WARN_UNGUARDED_AVAILABILITY = YES_AGGRESSIVE;
				CLANG_WARN_UNREACHABLE_CODE = YES;
				CLANG_WARN__DUPLICATE_METHOD_MATCH = YES;
				CODE_SIGN_IDENTITY = "iPhone Developer";
				COPY_PHASE_STRIP = NO;
				DEBUG_INFORMATION_FORMAT = "dwarf-with-dsym";
				ENABLE_NS_ASSERTIONS = NO;
				ENABLE_STRICT_OBJC_MSGSEND = YES;
				GCC_C_LANGUAGE_STANDARD = gnu11;
				GCC_NO_COMMON_BLOCKS = YES;
				GCC_WARN_64_TO_32_BIT_CONVERSION = YES;
				GCC_WARN_ABOUT_RETURN_TYPE = YES_ERROR;
				GCC_WARN_UNDECLARED_SELECTOR = YES;
				GCC_WARN_UNINITIALIZED_AUTOS = YES_AGGRESSIVE;
				GCC_WARN_UNUSED_FUNCTION = YES;
				GCC_WARN_UNUSED_VARIABLE = YES;
				IPHONEOS_DEPLOYMENT_TARGET = 11.0;
				MTL_ENABLE_DEBUG_INFO = NO;
				MTL_FAST_MATH = YES;
				SDKROOT = iphoneos;
				SWIFT_COMPILATION_MODE = wholemodule;
				SWIFT_OPTIMIZATION_LEVEL = "-O";
				VALIDATE_PRODUCT = YES;
			};
			name = Release;
		};
		C230B12F22929D7D00B9BB80 /* Debug */ = {
			isa = XCBuildConfiguration;
			baseConfigurationReference = B405B0BF4BC0FDD9B2445B20 /* Pods-ScreenShareDemo.debug.xcconfig */;
			buildSettings = {
				ALWAYS_EMBED_SWIFT_STANDARD_LIBRARIES = YES;
				ASSETCATALOG_COMPILER_APPICON_NAME = AppIcon;
				CODE_SIGN_ENTITLEMENTS = ScreenShareDemo/ScreenShareDemo.entitlements;
				CODE_SIGN_IDENTITY = "iPhone Developer";
				CODE_SIGN_STYLE = Automatic;
				DEVELOPMENT_TEAM = "";
				FRAMEWORK_SEARCH_PATHS = (
					"$(inherited)",
					"$(PROJECT_DIR)/ScreenShareDemo",
				);
				INFOPLIST_FILE = ScreenShareDemo/Info.plist;
				LD_RUNPATH_SEARCH_PATHS = (
					"$(inherited)",
					"@executable_path/Frameworks",
				);
				PRODUCT_BUNDLE_IDENTIFIER = com.sample.screensharedemo;
				PRODUCT_NAME = "$(TARGET_NAME)";
				PROVISIONING_PROFILE_SPECIFIER = "";
				SWIFT_VERSION = 4.2;
				TARGETED_DEVICE_FAMILY = "1,2";
			};
			name = Debug;
		};
		C230B13022929D7D00B9BB80 /* Release */ = {
			isa = XCBuildConfiguration;
			baseConfigurationReference = 7A3733ABAE2FD90F45341017 /* Pods-ScreenShareDemo.release.xcconfig */;
			buildSettings = {
				ALWAYS_EMBED_SWIFT_STANDARD_LIBRARIES = YES;
				ASSETCATALOG_COMPILER_APPICON_NAME = AppIcon;
				CODE_SIGN_ENTITLEMENTS = ScreenShareDemo/ScreenShareDemo.entitlements;
				CODE_SIGN_IDENTITY = "iPhone Developer";
				CODE_SIGN_STYLE = Automatic;
				DEVELOPMENT_TEAM = "";
				FRAMEWORK_SEARCH_PATHS = (
					"$(inherited)",
					"$(PROJECT_DIR)/ScreenShareDemo",
				);
				INFOPLIST_FILE = ScreenShareDemo/Info.plist;
				LD_RUNPATH_SEARCH_PATHS = (
					"$(inherited)",
					"@executable_path/Frameworks",
				);
				PRODUCT_BUNDLE_IDENTIFIER = com.sample.screensharedemo;
				PRODUCT_NAME = "$(TARGET_NAME)";
				PROVISIONING_PROFILE_SPECIFIER = "";
				SWIFT_VERSION = 4.2;
				TARGETED_DEVICE_FAMILY = "1,2";
			};
			name = Release;
		};
		C230B15822929E0500B9BB80 /* Debug */ = {
			isa = XCBuildConfiguration;
			baseConfigurationReference = 95D56D8FFCE217611768417F /* Pods-BroadCastApp.debug.xcconfig */;
			buildSettings = {
				CODE_SIGN_ENTITLEMENTS = BroadCastApp/BroadCastApp.entitlements;
				CODE_SIGN_IDENTITY = "iPhone Developer";
				CODE_SIGN_STYLE = Automatic;
				DEVELOPMENT_TEAM = "";
				FRAMEWORK_SEARCH_PATHS = (
					"$(inherited)",
					"$(PROJECT_DIR)/ScreenShareDemo",
				);
				INFOPLIST_FILE = BroadCastApp/Info.plist;
				LD_RUNPATH_SEARCH_PATHS = (
					"$(inherited)",
					"@executable_path/Frameworks",
					"@executable_path/../../Frameworks",
				);
				PRODUCT_BUNDLE_IDENTIFIER = com.sample.screensharedemo.broadcast;
				PRODUCT_NAME = "$(TARGET_NAME)";
				PROVISIONING_PROFILE_SPECIFIER = "";
				SKIP_INSTALL = YES;
				SWIFT_VERSION = 4.2;
				TARGETED_DEVICE_FAMILY = "1,2";
			};
			name = Debug;
		};
		C230B15922929E0500B9BB80 /* Release */ = {
			isa = XCBuildConfiguration;
			baseConfigurationReference = 792672CDF3ACC94154817F7F /* Pods-BroadCastApp.release.xcconfig */;
			buildSettings = {
				CODE_SIGN_ENTITLEMENTS = BroadCastApp/BroadCastApp.entitlements;
				CODE_SIGN_IDENTITY = "iPhone Developer";
				CODE_SIGN_STYLE = Automatic;
				DEVELOPMENT_TEAM = "";
				FRAMEWORK_SEARCH_PATHS = (
					"$(inherited)",
					"$(PROJECT_DIR)/ScreenShareDemo",
				);
				INFOPLIST_FILE = BroadCastApp/Info.plist;
				LD_RUNPATH_SEARCH_PATHS = (
					"$(inherited)",
					"@executable_path/Frameworks",
					"@executable_path/../../Frameworks",
				);
				PRODUCT_BUNDLE_IDENTIFIER = com.sample.screensharedemo.broadcast;
				PRODUCT_NAME = "$(TARGET_NAME)";
				PROVISIONING_PROFILE_SPECIFIER = "";
				SKIP_INSTALL = YES;
				SWIFT_VERSION = 4.2;
				TARGETED_DEVICE_FAMILY = "1,2";
			};
			name = Release;
		};
/* End XCBuildConfiguration section */

/* Begin XCConfigurationList section */
		C230B11722929D7500B9BB80 /* Build configuration list for PBXProject "ScreenShareDemo" */ = {
			isa = XCConfigurationList;
			buildConfigurations = (
				C230B12C22929D7D00B9BB80 /* Debug */,
				C230B12D22929D7D00B9BB80 /* Release */,
			);
			defaultConfigurationIsVisible = 0;
			defaultConfigurationName = Release;
		};
		C230B12E22929D7D00B9BB80 /* Build configuration list for PBXNativeTarget "ScreenShareDemo" */ = {
			isa = XCConfigurationList;
			buildConfigurations = (
				C230B12F22929D7D00B9BB80 /* Debug */,
				C230B13022929D7D00B9BB80 /* Release */,
			);
			defaultConfigurationIsVisible = 0;
			defaultConfigurationName = Release;
		};
		C230B15722929E0500B9BB80 /* Build configuration list for PBXNativeTarget "BroadCastApp" */ = {
			isa = XCConfigurationList;
			buildConfigurations = (
				C230B15822929E0500B9BB80 /* Debug */,
				C230B15922929E0500B9BB80 /* Release */,
			);
			defaultConfigurationIsVisible = 0;
			defaultConfigurationName = Release;
		};
/* End XCConfigurationList section */
	};
	rootObject = C230B11422929D7500B9BB80 /* Project object */;
}
